# This file was autogenerated by Stack.
# You should not edit this file by hand.
# For more information, please see the documentation at:
#   https://docs.haskellstack.org/en/stable/lock_files

packages:
- completed:
    hackage: hexml-0.3.4@sha256:f2acf1f0039502a5d87accfe6b596626ca31322042fd6de52ad79fe816881b89,1513
    pantry-tree:
      sha256: a1d6ea811aa2936e8943d9e536edf983fedb444236fa57644862bbc1cb8f1a82
      size: 578
  original:
    hackage: hexml-0.3.4
- completed:
    hackage: async-2.2.4@sha256:46367dc0c8326dcbeb7b93f200b567491c2f6029bccf822b8bb26ee660397e08,3112
    pantry-tree:
      sha256: c7475b437d4a2c50b57148192fb2f859a81bb7970cf28c4af2e57105c610ff72
      size: 501
  original:
    hackage: async-2.2.4
- completed:
    hackage: safe-exceptions-0.1.7.4@sha256:f4aad0eca90044cb1eba53b84f75d5fa142d25d695117730bf31178d409c4fe0,1398
    pantry-tree:
      sha256: 3531373b84e300871a9b1a5d94e4fef72bc3ac765ce12a4f732f8c197c512bbb
      size: 511
  original:
    hackage: safe-exceptions-0.1.7.4
- completed:
    hackage: time-1.12.2@sha256:88e8493d9130038d3b9968a2530a0900141cd3d938483c83dde56e12b875ebc8,6510
    pantry-tree:
      sha256: de0ab314661da3788b5dad20254e44929b1659b00d32b5a0cd54922a05e006e8
      size: 7264
  original:
    hackage: time-1.12.2
snapshots:
- completed:
    sha256: 97710f56bf093fca0ee5d8dbe19d96b654c752e405b66795b4baedd84a794c60
    size: 640010
    url: https://raw.githubusercontent.com/commercialhaskell/stackage-snapshots/master/lts/21/3.yaml
  original:
    url: https://raw.githubusercontent.com/commercialhaskell/stackage-snapshots/master/lts/21/3.yaml
